
Microsoft Visual Studio Solution File, Format Version 12.00
# Visual Studio Version 16
VisualStudioVersion = 16.0.31112.23
MinimumVisualStudioVersion = 10.0.40219.1
Project("{9A19103F-16F7-4668-BE54-9A1E7A4F7556}") = "IntraHealth", "IntraHealth\IntraHealth.csproj", "{D62D75A4-EB4E-4737-89AB-E1CC551E8777}"
EndProject
Global
	GlobalSection(SolutionConfigurationPlatforms) = preSolution
		Debug|Any CPU = Debug|Any CPU
		Release|Any CPU = Release|Any CPU
	EndGlobalSection
	GlobalSection(ProjectConfigurationPlatforms) = postSolution
		{D62D75A4-EB4E-4737-89AB-E1CC551E8777}.Debug|Any CPU.ActiveCfg = Debug|Any CPU
		{D62D75A4-EB4E-4737-89AB-E1CC551E8777}.Debug|Any CPU.Build.0 = Debug|Any CPU
		{D62D75A4-EB4E-4737-89AB-E1CC551E8777}.Release|Any CPU.ActiveCfg = Release|Any CPU
		{D62D75A4-EB4E-4737-89AB-E1CC551E8777}.Release|Any CPU.Build.0 = Release|Any CPU
	EndGlobalSection
	GlobalSection(SolutionProperties) = preSolution
		HideSolutionNode = FALSE
	EndGlobalSection
	GlobalSection(ExtensibilityGlobals) = postSolution
		SolutionGuid = {8CCC5D78-6BEE-4A5B-BBA9-D5A05D6509EE}
	EndGlobalSection
EndGlobal
